
Microsoft Visual Studio Solution File, Format Version 12.00
# Visual Studio Version 16
VisualStudioVersion = 16.0.30406.217
MinimumVisualStudioVersion = 10.0.40219.1
Project("{FAE04EC0-301F-11D3-BF4B-00C04F79EFBC}") = "Operator_and_Operand_lecture_exercise", "Operator_and_Operand_lecture_exercise\Operator_and_Operand_lecture_exercise.csproj", "{271ADD41-3D18-456A-BA45-57D697D5A944}"
EndProject
Global
	GlobalSection(SolutionConfigurationPlatforms) = preSolution
		Debug|Any CPU = Debug|Any CPU
		Release|Any CPU = Release|Any CPU
	EndGlobalSection
	GlobalSection(ProjectConfigurationPlatforms) = postSolution
		{271ADD41-3D18-456A-BA45-57D697D5A944}.Debug|Any CPU.ActiveCfg = Debug|Any CPU
		{271ADD41-3D18-456A-BA45-57D697D5A944}.Debug|Any CPU.Build.0 = Debug|Any CPU
		{271ADD41-3D18-456A-BA45-57D697D5A944}.Release|Any CPU.ActiveCfg = Release|Any CPU
		{271ADD41-3D18-456A-BA45-57D697D5A944}.Release|Any CPU.Build.0 = Release|Any CPU
	EndGlobalSection
	GlobalSection(SolutionProperties) = preSolution
		HideSolutionNode = FALSE
	EndGlobalSection
	GlobalSection(ExtensibilityGlobals) = postSolution
		SolutionGuid = {146ABAD4-0ABB-4F5D-9C65-C96099262946}
	EndGlobalSection
EndGlobal
